
Microsoft Visual Studio Solution File, Format Version 12.00
# Visual Studio Version 16
VisualStudioVersion = 25.0.1705.0
MinimumVisualStudioVersion = 10.0.40219.1
Project("{FAE04EC0-301F-11D3-BF4B-00C04F79EFBC}") = "DateApp", "DateApp\Api.csproj", "{ADC7DA31-393D-44EA-8149-F81629D151C9}"
EndProject
Project("{FAE04EC0-301F-11D3-BF4B-00C04F79EFBC}") = "Server", "Server\Server.csproj", "{81DA43C5-FA1E-4BC8-B51E-F7E2FD4627F8}"
EndProject
Global
	GlobalSection(SolutionConfigurationPlatforms) = preSolution
		Debug|Any CPU = Debug|Any CPU
		Release|Any CPU = Release|Any CPU
	EndGlobalSection
	GlobalSection(ProjectConfigurationPlatforms) = postSolution
		{ADC7DA31-393D-44EA-8149-F81629D151C9}.Debug|Any CPU.ActiveCfg = Debug|Any CPU
		{ADC7DA31-393D-44EA-8149-F81629D151C9}.Debug|Any CPU.Build.0 = Debug|Any CPU
		{ADC7DA31-393D-44EA-8149-F81629D151C9}.Release|Any CPU.ActiveCfg = Release|Any CPU
		{ADC7DA31-393D-44EA-8149-F81629D151C9}.Release|Any CPU.Build.0 = Release|Any CPU
		{81DA43C5-FA1E-4BC8-B51E-F7E2FD4627F8}.Debug|Any CPU.ActiveCfg = Debug|Any CPU
		{81DA43C5-FA1E-4BC8-B51E-F7E2FD4627F8}.Debug|Any CPU.Build.0 = Debug|Any CPU
		{81DA43C5-FA1E-4BC8-B51E-F7E2FD4627F8}.Release|Any CPU.ActiveCfg = Release|Any CPU
		{81DA43C5-FA1E-4BC8-B51E-F7E2FD4627F8}.Release|Any CPU.Build.0 = Release|Any CPU
	EndGlobalSection
	GlobalSection(SolutionProperties) = preSolution
		HideSolutionNode = FALSE
	EndGlobalSection
	GlobalSection(ExtensibilityGlobals) = postSolution
		SolutionGuid = {D59C1A3C-3B28-4F78-A789-14B0FCF7A417}
	EndGlobalSection
EndGlobal
