
Microsoft Visual Studio Solution File, Format Version 12.00
# Visual Studio Version 16
VisualStudioVersion = 25.0.1705.0
MinimumVisualStudioVersion = 10.0.40219.1
Project("{FAE04EC0-301F-11D3-BF4B-00C04F79EFBC}") = "Server", "Server.csproj", "{6C3F4AB6-9EB3-4BB0-8DFC-D86895CE618D}"
EndProject
Global
	GlobalSection(SolutionConfigurationPlatforms) = preSolution
		Debug|Any CPU = Debug|Any CPU
		Release|Any CPU = Release|Any CPU
	EndGlobalSection
	GlobalSection(ProjectConfigurationPlatforms) = postSolution
		{6C3F4AB6-9EB3-4BB0-8DFC-D86895CE618D}.Debug|Any CPU.ActiveCfg = Debug|Any CPU
		{6C3F4AB6-9EB3-4BB0-8DFC-D86895CE618D}.Debug|Any CPU.Build.0 = Debug|Any CPU
		{6C3F4AB6-9EB3-4BB0-8DFC-D86895CE618D}.Release|Any CPU.ActiveCfg = Release|Any CPU
		{6C3F4AB6-9EB3-4BB0-8DFC-D86895CE618D}.Release|Any CPU.Build.0 = Release|Any CPU
	EndGlobalSection
	GlobalSection(SolutionProperties) = preSolution
		HideSolutionNode = FALSE
	EndGlobalSection
	GlobalSection(ExtensibilityGlobals) = postSolution
		SolutionGuid = {A6D5BA67-C79F-47B2-A1CD-76080F5B0BCC}
	EndGlobalSection
EndGlobal
